{
  "name": "aws-cli-js2",
  "version": "0.0.5",
  "lockfileVersion": 1,
  "requires": true,
  "dependencies": {
    "aws-cli-js": {
      "version": "2.0.2",
      "resolved": "https://registry.npmjs.org/aws-cli-js/-/aws-cli-js-2.0.2.tgz",
      "integrity": "sha1-9pLjG/wGzn8xhMKN/PYJPlO9o4A=",
      "requires": {
        "core-js": "2.5.3",
        "lodash": "4.17.4",
        "nodeify-ts": "1.0.1"
      }
    },
    "core-js": {
      "version": "2.5.3",
      "resolved": "https://registry.npmjs.org/core-js/-/core-js-2.5.3.tgz",
      "integrity": "sha1-isw4NFgk8W2DZbfJtCWRaOjtYD4="
    },
    "lodash": {
      "version": "4.17.4",
      "resolved": "https://registry.npmjs.org/lodash/-/lodash-4.17.4.tgz",
      "integrity": "sha1-eCA6TRwyiuHYbcpkYONptX9AVa4="
    },
    "nodeify-ts": {
      "version": "1.0.1",
      "resolved": "https://registry.npmjs.org/nodeify-ts/-/nodeify-ts-1.0.1.tgz",
      "integrity": "sha1-ZoSE20UqImc7Bw55fwRFgVVCAag=",
      "requires": {
        "core-js": "2.5.3"
      }
    },
    "object-to-spawn-args": {
      "version": "1.1.1",
      "resolved": "https://registry.npmjs.org/object-to-spawn-args/-/object-to-spawn-args-1.1.1.tgz",
      "integrity": "sha1-d9qIJ/Bz0BHJ4bFz+JV4FHAkZ4U="
    }
  }
}
